// !$*UTF8*$!
{
	archiveVersion = 1;
	classes = {
	};
	objectVersion = 46;
	objects = {

/* Begin PBXBuildFile section */
		D95F71D91CF5D0B600ACB538 /* AppDelegate.m in Sources */ = {isa = PBXBuildFile; fileRef = D95F71D21CF5D0B600ACB538 /* AppDelegate.m */; };
		D95F71DC1CF5D34F00ACB538 /* MMHall.storyboard in Resources */ = {isa = PBXBuildFile; fileRef = D95F71DB1CF5D34F00ACB538 /* MMHall.storyboard */; };
		D95F71DE1CF5D35C00ACB538 /* MMArena.storyboard in Resources */ = {isa = PBXBuildFile; fileRef = D95F71DD1CF5D35C00ACB538 /* MMArena.storyboard */; };
		D95F71E01CF5D36C00ACB538 /* MMDiscovery.storyboard in Resources */ = {isa = PBXBuildFile; fileRef = D95F71DF1CF5D36C00ACB538 /* MMDiscovery.storyboard */; };
		D95F71E21CF5D37800ACB538 /* MMHistory.storyboard in Resources */ = {isa = PBXBuildFile; fileRef = D95F71E11CF5D37800ACB538 /* MMHistory.storyboard */; };
		D95F71E41CF5D38300ACB538 /* MMMyLottery.storyboard in Resources */ = {isa = PBXBuildFile; fileRef = D95F71E31CF5D38300ACB538 /* MMMyLottery.storyboard */; };
		D95F71E71CF5E54900ACB538 /* MMTabBarController.m in Sources */ = {isa = PBXBuildFile; fileRef = D95F71E61CF5E54900ACB538 /* MMTabBarController.m */; };
		D95F71EA1CF5E7B600ACB538 /* MMBottomView.m in Sources */ = {isa = PBXBuildFile; fileRef = D95F71E91CF5E7B600ACB538 /* MMBottomView.m */; };
		D95F71ED1CF5F4B800ACB538 /* MMNavigationController.m in Sources */ = {isa = PBXBuildFile; fileRef = D95F71EC1CF5F4B800ACB538 /* MMNavigationController.m */; };
		D95F71F01CF5F56600ACB538 /* MMBottomButton.m in Sources */ = {isa = PBXBuildFile; fileRef = D95F71EF1CF5F56600ACB538 /* MMBottomButton.m */; };
		D95F71F31CF5FE5C00ACB538 /* MMHallController.m in Sources */ = {isa = PBXBuildFile; fileRef = D95F71F21CF5FE5C00ACB538 /* MMHallController.m */; };
		D9D95CC91CF5CCF700BCE8DD /* main.m in Sources */ = {isa = PBXBuildFile; fileRef = D9D95CC81CF5CCF700BCE8DD /* main.m */; };
		D9D95CD41CF5CCF700BCE8DD /* Assets.xcassets in Resources */ = {isa = PBXBuildFile; fileRef = D9D95CD31CF5CCF700BCE8DD /* Assets.xcassets */; };
		D9D95CD71CF5CCF700BCE8DD /* LaunchScreen.storyboard in Resources */ = {isa = PBXBuildFile; fileRef = D9D95CD51CF5CCF700BCE8DD /* LaunchScreen.storyboard */; };
/* End PBXBuildFile section */

/* Begin PBXFileReference section */
		D95F71D11CF5D0B600ACB538 /* AppDelegate.h */ = {isa = PBXFileReference; fileEncoding = 4; lastKnownFileType = sourcecode.c.h; path = AppDelegate.h; sourceTree = "<group>"; };
		D95F71D21CF5D0B600ACB538 /* AppDelegate.m */ = {isa = PBXFileReference; fileEncoding = 4; lastKnownFileType = sourcecode.c.objc; path = AppDelegate.m; sourceTree = "<group>"; };
		D95F71DA1CF5D1C600ACB538 /* PrefixHeader.pch */ = {isa = PBXFileReference; fileEncoding = 4; lastKnownFileType = sourcecode.c.h; path = PrefixHeader.pch; sourceTree = "<group>"; };
		D95F71DB1CF5D34F00ACB538 /* MMHall.storyboard */ = {isa = PBXFileReference; fileEncoding = 4; lastKnownFileType = file.storyboard; path = MMHall.storyboard; sourceTree = "<group>"; };
		D95F71DD1CF5D35C00ACB538 /* MMArena.storyboard */ = {isa = PBXFileReference; fileEncoding = 4; lastKnownFileType = file.storyboard; path = MMArena.storyboard; sourceTree = "<group>"; };
		D95F71DF1CF5D36C00ACB538 /* MMDiscovery.storyboard */ = {isa = PBXFileReference; fileEncoding = 4; lastKnownFileType = file.storyboard; path = MMDiscovery.storyboard; sourceTree = "<group>"; };
		D95F71E11CF5D37800ACB538 /* MMHistory.storyboard */ = {isa = PBXFileReference; fileEncoding = 4; lastKnownFileType = file.storyboard; path = MMHistory.storyboard; sourceTree = "<group>"; };
		D95F71E31CF5D38300ACB538 /* MMMyLottery.storyboard */ = {isa = PBXFileReference; fileEncoding = 4; lastKnownFileType = file.storyboard; path = MMMyLottery.storyboard; sourceTree = "<group>"; };
		D95F71E51CF5E54900ACB538 /* MMTabBarController.h */ = {isa = PBXFileReference; fileEncoding = 4; lastKnownFileType = sourcecode.c.h; path = MMTabBarController.h; sourceTree = "<group>"; };
		D95F71E61CF5E54900ACB538 /* MMTabBarController.m */ = {isa = PBXFileReference; fileEncoding = 4; lastKnownFileType = sourcecode.c.objc; path = MMTabBarController.m; sourceTree = "<group>"; };
		D95F71E81CF5E7B600ACB538 /* MMBottomView.h */ = {isa = PBXFileReference; fileEncoding = 4; lastKnownFileType = sourcecode.c.h; path = MMBottomView.h; sourceTree = "<group>"; };
		D95F71E91CF5E7B600ACB538 /* MMBottomView.m */ = {isa = PBXFileReference; fileEncoding = 4; lastKnownFileType = sourcecode.c.objc; path = MMBottomView.m; sourceTree = "<group>"; };
		D95F71EB1CF5F4B800ACB538 /* MMNavigationController.h */ = {isa = PBXFileReference; fileEncoding = 4; lastKnownFileType = sourcecode.c.h; path = MMNavigationController.h; sourceTree = "<group>"; };
		D95F71EC1CF5F4B800ACB538 /* MMNavigationController.m */ = {isa = PBXFileReference; fileEncoding = 4; lastKnownFileType = sourcecode.c.objc; path = MMNavigationController.m; sourceTree = "<group>"; };
		D95F71EE1CF5F56600ACB538 /* MMBottomButton.h */ = {isa = PBXFileReference; fileEncoding = 4; lastKnownFileType = sourcecode.c.h; path = MMBottomButton.h; sourceTree = "<group>"; };
		D95F71EF1CF5F56600ACB538 /* MMBottomButton.m */ = {isa = PBXFileReference; fileEncoding = 4; lastKnownFileType = sourcecode.c.objc; path = MMBottomButton.m; sourceTree = "<group>"; };
		D95F71F11CF5FE5C00ACB538 /* MMHallController.h */ = {isa = PBXFileReference; fileEncoding = 4; lastKnownFileType = sourcecode.c.h; path = MMHallController.h; sourceTree = "<group>"; };
		D95F71F21CF5FE5C00ACB538 /* MMHallController.m */ = {isa = PBXFileReference; fileEncoding = 4; lastKnownFileType = sourcecode.c.objc; path = MMHallController.m; sourceTree = "<group>"; };
		D9D95CC41CF5CCF700BCE8DD /* shczLottery.app */ = {isa = PBXFileReference; explicitFileType = wrapper.application; includeInIndex = 0; path = shczLottery.app; sourceTree = BUILT_PRODUCTS_DIR; };
		D9D95CC81CF5CCF700BCE8DD /* main.m */ = {isa = PBXFileReference; lastKnownFileType = sourcecode.c.objc; path = main.m; sourceTree = "<group>"; };
		D9D95CD31CF5CCF700BCE8DD /* Assets.xcassets */ = {isa = PBXFileReference; lastKnownFileType = folder.assetcatalog; path = Assets.xcassets; sourceTree = "<group>"; };
		D9D95CD61CF5CCF700BCE8DD /* Base */ = {isa = PBXFileReference; lastKnownFileType = file.storyboard; name = Base; path = Base.lproj/LaunchScreen.storyboard; sourceTree = "<group>"; };
		D9D95CD81CF5CCF700BCE8DD /* Info.plist */ = {isa = PBXFileReference; lastKnownFileType = text.plist.xml; path = Info.plist; sourceTree = "<group>"; };
/* End PBXFileReference section */

/* Begin PBXFrameworksBuildPhase section */
		D9D95CC11CF5CCF700BCE8DD /* Frameworks */ = {
			isa = PBXFrameworksBuildPhase;
			buildActionMask = 2147483647;
			files = (
			);
			runOnlyForDeploymentPostprocessing = 0;
		};
/* End PBXFrameworksBuildPhase section */

/* Begin PBXGroup section */
		D95F71B31CF5D0B600ACB538 /* Classes */ = {
			isa = PBXGroup;
			children = (
				D95F71CD1CF5D0B600ACB538 /* Main[主体] */,
				D95F71C31CF5D0B600ACB538 /* Hall[大厅] */,
				D95F71B41CF5D0B600ACB538 /* Arena[竞技场] */,
				D95F71B91CF5D0B600ACB538 /* Discovery[发现] */,
				D95F71C81CF5D0B600ACB538 /* History[历史] */,
				D95F71D41CF5D0B600ACB538 /* MyLottery[我的] */,
				D95F71BE1CF5D0B600ACB538 /* Guide[新特性] */,
			);
			path = Classes;
			sourceTree = "<group>";
		};
		D95F71B41CF5D0B600ACB538 /* Arena[竞技场] */ = {
			isa = PBXGroup;
			children = (
				D95F71B51CF5D0B600ACB538 /* Controllers */,
				D95F71B61CF5D0B600ACB538 /* Models */,
				D95F71B71CF5D0B600ACB538 /* Others */,
				D95F71B81CF5D0B600ACB538 /* Views */,
			);
			path = "Arena[竞技场]";
			sourceTree = "<group>";
		};
		D95F71B51CF5D0B600ACB538 /* Controllers */ = {
			isa = PBXGroup;
			children = (
				D95F71DD1CF5D35C00ACB538 /* MMArena.storyboard */,
			);
			path = Controllers;
			sourceTree = "<group>";
		};
		D95F71B61CF5D0B600ACB538 /* Models */ = {
			isa = PBXGroup;
			children = (
			);
			path = Models;
			sourceTree = "<group>";
		};
		D95F71B71CF5D0B600ACB538 /* Others */ = {
			isa = PBXGroup;
			children = (
			);
			path = Others;
			sourceTree = "<group>";
		};
		D95F71B81CF5D0B600ACB538 /* Views */ = {
			isa = PBXGroup;
			children = (
			);
			path = Views;
			sourceTree = "<group>";
		};
		D95F71B91CF5D0B600ACB538 /* Discovery[发现] */ = {
			isa = PBXGroup;
			children = (
				D95F71BA1CF5D0B600ACB538 /* Controllers */,
				D95F71BB1CF5D0B600ACB538 /* Models */,
				D95F71BC1CF5D0B600ACB538 /* Others */,
				D95F71BD1CF5D0B600ACB538 /* Views */,
			);
			path = "Discovery[发现]";
			sourceTree = "<group>";
		};
		D95F71BA1CF5D0B600ACB538 /* Controllers */ = {
			isa = PBXGroup;
			children = (
				D95F71DF1CF5D36C00ACB538 /* MMDiscovery.storyboard */,
			);
			path = Controllers;
			sourceTree = "<group>";
		};
		D95F71BB1CF5D0B600ACB538 /* Models */ = {
			isa = PBXGroup;
			children = (
			);
			path = Models;
			sourceTree = "<group>";
		};
		D95F71BC1CF5D0B600ACB538 /* Others */ = {
			isa = PBXGroup;
			children = (
			);
			path = Others;
			sourceTree = "<group>";
		};
		D95F71BD1CF5D0B600ACB538 /* Views */ = {
			isa = PBXGroup;
			children = (
			);
			path = Views;
			sourceTree = "<group>";
		};
		D95F71BE1CF5D0B600ACB538 /* Guide[新特性] */ = {
			isa = PBXGroup;
			children = (
				D95F71BF1CF5D0B600ACB538 /* Controllers */,
				D95F71C01CF5D0B600ACB538 /* Models */,
				D95F71C11CF5D0B600ACB538 /* Others */,
				D95F71C21CF5D0B600ACB538 /* Views */,
			);
			path = "Guide[新特性]";
			sourceTree = "<group>";
		};
		D95F71BF1CF5D0B600ACB538 /* Controllers */ = {
			isa = PBXGroup;
			children = (
			);
			path = Controllers;
			sourceTree = "<group>";
		};
		D95F71C01CF5D0B600ACB538 /* Models */ = {
			isa = PBXGroup;
			children = (
			);
			path = Models;
			sourceTree = "<group>";
		};
		D95F71C11CF5D0B600ACB538 /* Others */ = {
			isa = PBXGroup;
			children = (
			);
			path = Others;
			sourceTree = "<group>";
		};
		D95F71C21CF5D0B600ACB538 /* Views */ = {
			isa = PBXGroup;
			children = (
			);
			path = Views;
			sourceTree = "<group>";
		};
		D95F71C31CF5D0B600ACB538 /* Hall[大厅] */ = {
			isa = PBXGroup;
			children = (
				D95F71C41CF5D0B600ACB538 /* Controllers */,
				D95F71C51CF5D0B600ACB538 /* Models */,
				D95F71C61CF5D0B600ACB538 /* Others */,
				D95F71C71CF5D0B600ACB538 /* Views */,
			);
			path = "Hall[大厅]";
			sourceTree = "<group>";
		};
		D95F71C41CF5D0B600ACB538 /* Controllers */ = {
			isa = PBXGroup;
			children = (
				D95F71DB1CF5D34F00ACB538 /* MMHall.storyboard */,
				D95F71F11CF5FE5C00ACB538 /* MMHallController.h */,
				D95F71F21CF5FE5C00ACB538 /* MMHallController.m */,
			);
			path = Controllers;
			sourceTree = "<group>";
		};
		D95F71C51CF5D0B600ACB538 /* Models */ = {
			isa = PBXGroup;
			children = (
			);
			path = Models;
			sourceTree = "<group>";
		};
		D95F71C61CF5D0B600ACB538 /* Others */ = {
			isa = PBXGroup;
			children = (
			);
			path = Others;
			sourceTree = "<group>";
		};
		D95F71C71CF5D0B600ACB538 /* Views */ = {
			isa = PBXGroup;
			children = (
			);
			path = Views;
			sourceTree = "<group>";
		};
		D95F71C81CF5D0B600ACB538 /* History[历史] */ = {
			isa = PBXGroup;
			children = (
				D95F71C91CF5D0B600ACB538 /* Controllers */,
				D95F71CA1CF5D0B600ACB538 /* Models */,
				D95F71CB1CF5D0B600ACB538 /* Others */,
				D95F71CC1CF5D0B600ACB538 /* Views */,
			);
			path = "History[历史]";
			sourceTree = "<group>";
		};
		D95F71C91CF5D0B600ACB538 /* Controllers */ = {
			isa = PBXGroup;
			children = (
				D95F71E11CF5D37800ACB538 /* MMHistory.storyboard */,
			);
			path = Controllers;
			sourceTree = "<group>";
		};
		D95F71CA1CF5D0B600ACB538 /* Models */ = {
			isa = PBXGroup;
			children = (
			);
			path = Models;
			sourceTree = "<group>";
		};
		D95F71CB1CF5D0B600ACB538 /* Others */ = {
			isa = PBXGroup;
			children = (
			);
			path = Others;
			sourceTree = "<group>";
		};
		D95F71CC1CF5D0B600ACB538 /* Views */ = {
			isa = PBXGroup;
			children = (
			);
			path = Views;
			sourceTree = "<group>";
		};
		D95F71CD1CF5D0B600ACB538 /* Main[主体] */ = {
			isa = PBXGroup;
			children = (
				D95F71CE1CF5D0B600ACB538 /* Controllers */,
				D95F71CF1CF5D0B600ACB538 /* Models */,
				D95F71D01CF5D0B600ACB538 /* Others */,
				D95F71D31CF5D0B600ACB538 /* Views */,
			);
			path = "Main[主体]";
			sourceTree = "<group>";
		};
		D95F71CE1CF5D0B600ACB538 /* Controllers */ = {
			isa = PBXGroup;
			children = (
				D95F71E51CF5E54900ACB538 /* MMTabBarController.h */,
				D95F71E61CF5E54900ACB538 /* MMTabBarController.m */,
				D95F71EB1CF5F4B800ACB538 /* MMNavigationController.h */,
				D95F71EC1CF5F4B800ACB538 /* MMNavigationController.m */,
			);
			path = Controllers;
			sourceTree = "<group>";
		};
		D95F71CF1CF5D0B600ACB538 /* Models */ = {
			isa = PBXGroup;
			children = (
			);
			path = Models;
			sourceTree = "<group>";
		};
		D95F71D01CF5D0B600ACB538 /* Others */ = {
			isa = PBXGroup;
			children = (
				D95F71D11CF5D0B600ACB538 /* AppDelegate.h */,
				D95F71D21CF5D0B600ACB538 /* AppDelegate.m */,
			);
			path = Others;
			sourceTree = "<group>";
		};
		D95F71D31CF5D0B600ACB538 /* Views */ = {
			isa = PBXGroup;
			children = (
				D95F71E81CF5E7B600ACB538 /* MMBottomView.h */,
				D95F71E91CF5E7B600ACB538 /* MMBottomView.m */,
				D95F71EE1CF5F56600ACB538 /* MMBottomButton.h */,
				D95F71EF1CF5F56600ACB538 /* MMBottomButton.m */,
			);
			path = Views;
			sourceTree = "<group>";
		};
		D95F71D41CF5D0B600ACB538 /* MyLottery[我的] */ = {
			isa = PBXGroup;
			children = (
				D95F71D51CF5D0B600ACB538 /* Controllers */,
				D95F71D61CF5D0B600ACB538 /* Models */,
				D95F71D71CF5D0B600ACB538 /* Others */,
				D95F71D81CF5D0B600ACB538 /* Views */,
			);
			path = "MyLottery[我的]";
			sourceTree = "<group>";
		};
		D95F71D51CF5D0B600ACB538 /* Controllers */ = {
			isa = PBXGroup;
			children = (
				D95F71E31CF5D38300ACB538 /* MMMyLottery.storyboard */,
			);
			path = Controllers;
			sourceTree = "<group>";
		};
		D95F71D61CF5D0B600ACB538 /* Models */ = {
			isa = PBXGroup;
			children = (
			);
			path = Models;
			sourceTree = "<group>";
		};
		D95F71D71CF5D0B600ACB538 /* Others */ = {
			isa = PBXGroup;
			children = (
			);
			path = Others;
			sourceTree = "<group>";
		};
		D95F71D81CF5D0B600ACB538 /* Views */ = {
			isa = PBXGroup;
			children = (
			);
			path = Views;
			sourceTree = "<group>";
		};
		D9D95CBB1CF5CCF700BCE8DD = {
			isa = PBXGroup;
			children = (
				D9D95CC61CF5CCF700BCE8DD /* shczLottery */,
				D9D95CC51CF5CCF700BCE8DD /* Products */,
			);
			sourceTree = "<group>";
		};
		D9D95CC51CF5CCF700BCE8DD /* Products */ = {
			isa = PBXGroup;
			children = (
				D9D95CC41CF5CCF700BCE8DD /* shczLottery.app */,
			);
			name = Products;
			sourceTree = "<group>";
		};
		D9D95CC61CF5CCF700BCE8DD /* shczLottery */ = {
			isa = PBXGroup;
			children = (
				D95F71B31CF5D0B600ACB538 /* Classes */,
				D9D95CC71CF5CCF700BCE8DD /* Supporting Files */,
			);
			path = shczLottery;
			sourceTree = "<group>";
		};
		D9D95CC71CF5CCF700BCE8DD /* Supporting Files */ = {
			isa = PBXGroup;
			children = (
				D9D95CD31CF5CCF700BCE8DD /* Assets.xcassets */,
				D9D95CD51CF5CCF700BCE8DD /* LaunchScreen.storyboard */,
				D9D95CD81CF5CCF700BCE8DD /* Info.plist */,
				D9D95CC81CF5CCF700BCE8DD /* main.m */,
				D95F71DA1CF5D1C600ACB538 /* PrefixHeader.pch */,
			);
			name = "Supporting Files";
			sourceTree = "<group>";
		};
/* End PBXGroup section */

/* Begin PBXNativeTarget section */
		D9D95CC31CF5CCF700BCE8DD /* shczLottery */ = {
			isa = PBXNativeTarget;
			buildConfigurationList = D9D95CDB1CF5CCF700BCE8DD /* Build configuration list for PBXNativeTarget "shczLottery" */;
			buildPhases = (
				D9D95CC01CF5CCF700BCE8DD /* Sources */,
				D9D95CC11CF5CCF700BCE8DD /* Frameworks */,
				D9D95CC21CF5CCF700BCE8DD /* Resources */,
			);
			buildRules = (
			);
			dependencies = (
			);
			name = shczLottery;
			productName = shczLottery;
			productReference = D9D95CC41CF5CCF700BCE8DD /* shczLottery.app */;
			productType = "com.apple.product-type.application";
		};
/* End PBXNativeTarget section */

/* Begin PBXProject section */
		D9D95CBC1CF5CCF700BCE8DD /* Project object */ = {
			isa = PBXProject;
			attributes = {
				CLASSPREFIX = MM;
				LastUpgradeCheck = 0730;
				ORGANIZATIONNAME = liuchunlao;
				TargetAttributes = {
					D9D95CC31CF5CCF700BCE8DD = {
						CreatedOnToolsVersion = 7.3;
					};
				};
			};
			buildConfigurationList = D9D95CBF1CF5CCF700BCE8DD /* Build configuration list for PBXProject "shczLottery" */;
			compatibilityVersion = "Xcode 3.2";
			developmentRegion = English;
			hasScannedForEncodings = 0;
			knownRegions = (
				en,
				Base,
			);
			mainGroup = D9D95CBB1CF5CCF700BCE8DD;
			productRefGroup = D9D95CC51CF5CCF700BCE8DD /* Products */;
			projectDirPath = "";
			projectRoot = "";
			targets = (
				D9D95CC31CF5CCF700BCE8DD /* shczLottery */,
			);
		};
/* End PBXProject section */

/* Begin PBXResourcesBuildPhase section */
		D9D95CC21CF5CCF700BCE8DD /* Resources */ = {
			isa = PBXResourcesBuildPhase;
			buildActionMask = 2147483647;
			files = (
				D9D95CD71CF5CCF700BCE8DD /* LaunchScreen.storyboard in Resources */,
				D9D95CD41CF5CCF700BCE8DD /* Assets.xcassets in Resources */,
				D95F71DE1CF5D35C00ACB538 /* MMArena.storyboard in Resources */,
				D95F71E41CF5D38300ACB538 /* MMMyLottery.storyboard in Resources */,
				D95F71DC1CF5D34F00ACB538 /* MMHall.storyboard in Resources */,
				D95F71E01CF5D36C00ACB538 /* MMDiscovery.storyboard in Resources */,
				D95F71E21CF5D37800ACB538 /* MMHistory.storyboard in Resources */,
			);
			runOnlyForDeploymentPostprocessing = 0;
		};
/* End PBXResourcesBuildPhase section */

/* Begin PBXSourcesBuildPhase section */
		D9D95CC01CF5CCF700BCE8DD /* Sources */ = {
			isa = PBXSourcesBuildPhase;
			buildActionMask = 2147483647;
			files = (
				D95F71F01CF5F56600ACB538 /* MMBottomButton.m in Sources */,
				D95F71F31CF5FE5C00ACB538 /* MMHallController.m in Sources */,
				D9D95CC91CF5CCF700BCE8DD /* main.m in Sources */,
				D95F71ED1CF5F4B800ACB538 /* MMNavigationController.m in Sources */,
				D95F71E71CF5E54900ACB538 /* MMTabBarController.m in Sources */,
				D95F71D91CF5D0B600ACB538 /* AppDelegate.m in Sources */,
				D95F71EA1CF5E7B600ACB538 /* MMBottomView.m in Sources */,
			);
			runOnlyForDeploymentPostprocessing = 0;
		};
/* End PBXSourcesBuildPhase section */

/* Begin PBXVariantGroup section */
		D9D95CD51CF5CCF700BCE8DD /* LaunchScreen.storyboard */ = {
			isa = PBXVariantGroup;
			children = (
				D9D95CD61CF5CCF700BCE8DD /* Base */,
			);
			name = LaunchScreen.storyboard;
			sourceTree = "<group>";
		};
/* End PBXVariantGroup section */

/* Begin XCBuildConfiguration section */
		D9D95CD91CF5CCF700BCE8DD /* Debug */ = {
			isa = XCBuildConfiguration;
			buildSettings = {
				ALWAYS_SEARCH_USER_PATHS = NO;
				CLANG_ANALYZER_NONNULL = YES;
				CLANG_CXX_LANGUAGE_STANDARD = "gnu++0x";
				CLANG_CXX_LIBRARY = "libc++";
				CLANG_ENABLE_MODULES = YES;
				CLANG_ENABLE_OBJC_ARC = YES;
				CLANG_WARN_BOOL_CONVERSION = YES;
				CLANG_WARN_CONSTANT_CONVERSION = YES;
				CLANG_WARN_DIRECT_OBJC_ISA_USAGE = YES_ERROR;
				CLANG_WARN_EMPTY_BODY = YES;
				CLANG_WARN_ENUM_CONVERSION = YES;
				CLANG_WARN_INT_CONVERSION = YES;
				CLANG_WARN_OBJC_ROOT_CLASS = YES_ERROR;
				CLANG_WARN_UNREACHABLE_CODE = YES;
				CLANG_WARN__DUPLICATE_METHOD_MATCH = YES;
				"CODE_SIGN_IDENTITY[sdk=iphoneos*]" = "iPhone Developer";
				COPY_PHASE_STRIP = NO;
				DEBUG_INFORMATION_FORMAT = dwarf;
				ENABLE_STRICT_OBJC_MSGSEND = YES;
				ENABLE_TESTABILITY = YES;
				GCC_C_LANGUAGE_STANDARD = gnu99;
				GCC_DYNAMIC_NO_PIC = NO;
				GCC_NO_COMMON_BLOCKS = YES;
				GCC_OPTIMIZATION_LEVEL = 0;
				GCC_PREPROCESSOR_DEFINITIONS = (
					"DEBUG=1",
					"$(inherited)",
				);
				GCC_WARN_64_TO_32_BIT_CONVERSION = YES;
				GCC_WARN_ABOUT_RETURN_TYPE = YES_ERROR;
				GCC_WARN_UNDECLARED_SELECTOR = YES;
				GCC_WARN_UNINITIALIZED_AUTOS = YES_AGGRESSIVE;
				GCC_WARN_UNUSED_FUNCTION = YES;
				GCC_WARN_UNUSED_VARIABLE = YES;
				IPHONEOS_DEPLOYMENT_TARGET = 9.3;
				MTL_ENABLE_DEBUG_INFO = YES;
				ONLY_ACTIVE_ARCH = YES;
				SDKROOT = iphoneos;
			};
			name = Debug;
		};
		D9D95CDA1CF5CCF700BCE8DD /* Release */ = {
			isa = XCBuildConfiguration;
			buildSettings = {
				ALWAYS_SEARCH_USER_PATHS = NO;
				CLANG_ANALYZER_NONNULL = YES;
				CLANG_CXX_LANGUAGE_STANDARD = "gnu++0x";
				CLANG_CXX_LIBRARY = "libc++";
				CLANG_ENABLE_MODULES = YES;
				CLANG_ENABLE_OBJC_ARC = YES;
				CLANG_WARN_BOOL_CONVERSION = YES;
				CLANG_WARN_CONSTANT_CONVERSION = YES;
				CLANG_WARN_DIRECT_OBJC_ISA_USAGE = YES_ERROR;
				CLANG_WARN_EMPTY_BODY = YES;
				CLANG_WARN_ENUM_CONVERSION = YES;
				CLANG_WARN_INT_CONVERSION = YES;
				CLANG_WARN_OBJC_ROOT_CLASS = YES_ERROR;
				CLANG_WARN_UNREACHABLE_CODE = YES;
				CLANG_WARN__DUPLICATE_METHOD_MATCH = YES;
				"CODE_SIGN_IDENTITY[sdk=iphoneos*]" = "iPhone Developer";
				COPY_PHASE_STRIP = NO;
				DEBUG_INFORMATION_FORMAT = "dwarf-with-dsym";
				ENABLE_NS_ASSERTIONS = NO;
				ENABLE_STRICT_OBJC_MSGSEND = YES;
				GCC_C_LANGUAGE_STANDARD = gnu99;
				GCC_NO_COMMON_BLOCKS = YES;
				GCC_WARN_64_TO_32_BIT_CONVERSION = YES;
				GCC_WARN_ABOUT_RETURN_TYPE = YES_ERROR;
				GCC_WARN_UNDECLARED_SELECTOR = YES;
				GCC_WARN_UNINITIALIZED_AUTOS = YES_AGGRESSIVE;
				GCC_WARN_UNUSED_FUNCTION = YES;
				GCC_WARN_UNUSED_VARIABLE = YES;
				IPHONEOS_DEPLOYMENT_TARGET = 9.3;
				MTL_ENABLE_DEBUG_INFO = NO;
				SDKROOT = iphoneos;
				VALIDATE_PRODUCT = YES;
			};
			name = Release;
		};
		D9D95CDC1CF5CCF700BCE8DD /* Debug */ = {
			isa = XCBuildConfiguration;
			buildSettings = {
				ASSETCATALOG_COMPILER_APPICON_NAME = AppIcon;
				ASSETCATALOG_COMPILER_LAUNCHIMAGE_NAME = "Brand Assets";
				GCC_PREFIX_HEADER = ./shczLottery/PrefixHeader.pch;
				INFOPLIST_FILE = shczLottery/Info.plist;
				IPHONEOS_DEPLOYMENT_TARGET = 9.3;
				LD_RUNPATH_SEARCH_PATHS = "$(inherited) @executable_path/Frameworks";
				PRODUCT_BUNDLE_IDENTIFIER = cn.itcast.shczLottery;
				PRODUCT_NAME = "$(TARGET_NAME)";
				TARGETED_DEVICE_FAMILY = 1;
			};
			name = Debug;
		};
		D9D95CDD1CF5CCF700BCE8DD /* Release */ = {
			isa = XCBuildConfiguration;
			buildSettings = {
				ASSETCATALOG_COMPILER_APPICON_NAME = AppIcon;
				ASSETCATALOG_COMPILER_LAUNCHIMAGE_NAME = "Brand Assets";
				GCC_PREFIX_HEADER = ./shczLottery/PrefixHeader.pch;
				INFOPLIST_FILE = shczLottery/Info.plist;
				IPHONEOS_DEPLOYMENT_TARGET = 9.3;
				LD_RUNPATH_SEARCH_PATHS = "$(inherited) @executable_path/Frameworks";
				PRODUCT_BUNDLE_IDENTIFIER = cn.itcast.shczLottery;
				PRODUCT_NAME = "$(TARGET_NAME)";
				TARGETED_DEVICE_FAMILY = 1;
			};
			name = Release;
		};
/* End XCBuildConfiguration section */

/* Begin XCConfigurationList section */
		D9D95CBF1CF5CCF700BCE8DD /* Build configuration list for PBXProject "shczLottery" */ = {
			isa = XCConfigurationList;
			buildConfigurations = (
				D9D95CD91CF5CCF700BCE8DD /* Debug */,
				D9D95CDA1CF5CCF700BCE8DD /* Release */,
			);
			defaultConfigurationIsVisible = 0;
			defaultConfigurationName = Release;
		};
		D9D95CDB1CF5CCF700BCE8DD /* Build configuration list for PBXNativeTarget "shczLottery" */ = {
			isa = XCConfigurationList;
			buildConfigurations = (
				D9D95CDC1CF5CCF700BCE8DD /* Debug */,
				D9D95CDD1CF5CCF700BCE8DD /* Release */,
			);
			defaultConfigurationIsVisible = 0;
			defaultConfigurationName = Release;
		};
/* End XCConfigurationList section */
	};
	rootObject = D9D95CBC1CF5CCF700BCE8DD /* Project object */;
}
